#include "Bluethooth.h"
#include <iostream>

void Bluetooth::controlHeater() {
     //send ok when the enquiry  of the mobile phone is received
     std::cout<<"OK"<<endl;

     //send request to Control System to on or off heater
     std::cout<<"heater on"<<endl;
     std::cout<<"heater off"<<endl;
}

void Bluetooth::Test_BLUETOOTH() {

}
